<?xml version="1.0" encoding="utf-8"?>
<Project ToolsVersion="4.0" xmlns="http://schemas.microsoft.com/developer/msbuild/2003">
  <ItemGroup>
    <Filter Include="Source Files">
      <UniqueIdentifier>{4FC737F1-C7A5-4376-A066-2A32D752A2FF}</UniqueIdentifier>
      <Extensions>cpp;c;cc;cxx;def;odl;idl;hpj;bat;asm;asmx</Extensions>
    </Filter>
    <Filter Include="Header Files">
      <UniqueIdentifier>{93995380-89BD-4b04-88EB-625FBE52EBFB}</UniqueIdentifier>
      <Extensions>h;hh;hpp;hxx;hm;inl;inc;xsd</Extensions>
    </Filter>
    <Filter Include="Recording Steps">
      <UniqueIdentifier>{765a2b4c-d921-4320-ac55-00a5cb151103}</UniqueIdentifier>
    </Filter>
    <Filter Include="third_party">
      <UniqueIdentifier>{1a2b6dc7-ec9f-4f73-8a55-2c7d5d8e9011}</UniqueIdentifier>
    </Filter>
    <Filter Include="third_party\rnnoise">
      <UniqueIdentifier>{a1c0e6ec-71f5-4d3c-a86a-3f5c1b8d8b04}</UniqueIdentifier>
    </Filter>
    <Filter Include="third_party\rnnoise\include">
      <UniqueIdentifier>{b2d1f7fd-8a3c-4d51-9b66-3f8e6c9a0c12}</UniqueIdentifier>
    </Filter>
    <Filter Include="third_party\rnnoise\src">
      <UniqueIdentifier>{c3e2089e-9b4d-4e62-ac77-40f9d0bb1d23}</UniqueIdentifier>
    </Filter>
  </ItemGroup>
  <ItemGroup>
    <ClInclude Include="pch.h">
      <Filter>Header Files</Filter>
    </ClInclude>
    <ClInclude Include="DxResource.h">
      <Filter>Header Files</Filter>
    </ClInclude>
    <ClInclude Include="DesktopMonitor.h">
      <Filter>Header Files</Filter>
    </ClInclude>
    <ClInclude Include="MonitorContributor.h">
      <Filter>Header Files</Filter>
    </ClInclude>
    <ClInclude Include="DesktopPointer.h">
      <Filter>Header Files</Filter>
    </ClInclude>
    <ClInclude Include="CaptureFrameStep.h">
      <Filter>Recording Steps</Filter>
    </ClInclude>
    <ClInclude Include="VirtualDesktop.h">
      <Filter>Header Files</Filter>
    </ClInclude>
    <ClInclude Include="RenderPointerTextureStep.h">
      <Filter>Recording Steps</Filter>
    </ClInclude>
    <ClInclude Include="SourceState.h">
      <Filter>Header Files</Filter>
    </ClInclude>
    <ClInclude Include="TextureToMediaSampleStep.h">
      <Filter>Recording Steps</Filter>
    </ClInclude>
    <ClInclude Include="ScreenMediaSinkWriter.h">
      <Filter>Header Files</Filter>
    </ClInclude>
    <ClInclude Include="TexturePool.h">
      <Filter>Header Files</Filter>
    </ClInclude>
    <ClInclude Include="EncodingContext.h">
      <Filter>Header Files</Filter>
    </ClInclude>
    <ClInclude Include="AsyncMediaSourceReader.h">
      <Filter>Header Files</Filter>
    </ClInclude>
    <ClInclude Include="CommunicationsAudioCapture.h">
      <Filter>Header Files</Filter>
    </ClInclude>
    <ClInclude Include="AudioMedia.h">
      <Filter>Header Files</Filter>
    </ClInclude>
    <ClInclude Include="Errors.h">
      <Filter>Header Files</Filter>
    </ClInclude>
    <ClInclude Include="DxMultithread.h">
      <Filter>Header Files</Filter>
    </ClInclude>
    <ClInclude Include="Pipeline.h">
      <Filter>Recording Steps</Filter>
    </ClInclude>
    <ClInclude Include="RenderMoveRectsStep.h">
      <Filter>Recording Steps</Filter>
    </ClInclude>
    <ClInclude Include="RenderDirtyRectsStep.h">
      <Filter>Recording Steps</Filter>
    </ClInclude>
    <ClInclude Include="KeyedMutexLock.h">
      <Filter>Header Files</Filter>
    </ClInclude>
    <ClInclude Include="ShaderCache.h">
      <Filter>Header Files</Filter>
    </ClInclude>
    <ClInclude Include="Vertex.h">
      <Filter>Header Files</Filter>
    </ClInclude>
    <ClInclude Include="DisplayAdapter.h">
      <Filter>Header Files</Filter>
    </ClInclude>
    <ClInclude Include="ScreenDuplicator.h">
      <Filter>Header Files</Filter>
    </ClInclude>
    <ClInclude Include="Frame.h">
      <Filter>Header Files</Filter>
    </ClInclude>
    <ClInclude Include="SharedSurface.h">
      <Filter>Header Files</Filter>
    </ClInclude>
    <ClInclude Include="RnnoiseFilter.h">
      <Filter>Header Files</Filter>
    </ClInclude>
    <ClInclude Include="third_party\rnnoise\include\rnnoise.h">
      <Filter>third_party\rnnoise\include</Filter>
    </ClInclude>
    <ClInclude Include="third_party\rnnoise\src\_kiss_fft_guts.h">
      <Filter>third_party\rnnoise\src</Filter>
    </ClInclude>
    <ClInclude Include="third_party\rnnoise\src\arch.h">
      <Filter>third_party\rnnoise\src</Filter>
    </ClInclude>
    <ClInclude Include="third_party\rnnoise\src\celt_lpc.h">
      <Filter>third_party\rnnoise\src</Filter>
    </ClInclude>
    <ClInclude Include="third_party\rnnoise\src\common.h">
      <Filter>third_party\rnnoise\src</Filter>
    </ClInclude>
    <ClInclude Include="third_party\rnnoise\src\kiss_fft.h">
      <Filter>third_party\rnnoise\src</Filter>
    </ClInclude>
    <ClInclude Include="third_party\rnnoise\src\opus_types.h">
      <Filter>third_party\rnnoise\src</Filter>
    </ClInclude>
    <ClInclude Include="third_party\rnnoise\src\pitch.h">
      <Filter>third_party\rnnoise\src</Filter>
    </ClInclude>
    <ClInclude Include="third_party\rnnoise\src\rnn.h">
      <Filter>third_party\rnnoise\src</Filter>
    </ClInclude>
    <ClInclude Include="third_party\rnnoise\src\rnn_data.h">
      <Filter>third_party\rnnoise\src</Filter>
    </ClInclude>
    <ClInclude Include="third_party\rnnoise\src\tansig_table.h">
      <Filter>third_party\rnnoise\src</Filter>
    </ClInclude>
    <ClInclude Include="third_party\rnnoise\src\vla_shim.h">
      <Filter>third_party\rnnoise\src</Filter>
    </ClInclude>
  </ItemGroup>
  <ItemGroup>
    <ClCompile Include="pch.cpp">
      <Filter>Source Files</Filter>
    </ClCompile>
    <ClCompile Include="DxResource.cpp">
      <Filter>Source Files</Filter>
    </ClCompile>
    <ClCompile Include="DesktopMonitor.cpp">
      <Filter>Source Files</Filter>
    </ClCompile>
    <ClCompile Include="MonitorContributor.cpp">
      <Filter>Source Files</Filter>
    </ClCompile>
    <ClCompile Include="DesktopPointer.cpp">
      <Filter>Source Files</Filter>
    </ClCompile>
    <ClCompile Include="CaptureFrameStep.cpp">
      <Filter>Recording Steps</Filter>
    </ClCompile>
    <ClCompile Include="VirtualDesktop.cpp">
      <Filter>Source Files</Filter>
    </ClCompile>
    <ClCompile Include="RenderPointerTextureStep.cpp">
      <Filter>Recording Steps</Filter>
    </ClCompile>
    <ClCompile Include="TextureToMediaSampleStep.cpp">
      <Filter>Recording Steps</Filter>
    </ClCompile>
    <ClCompile Include="ScreenMediaSinkWriter.cpp">
      <Filter>Source Files</Filter>
    </ClCompile>
    <ClCompile Include="TexturePool.cpp">
      <Filter>Source Files</Filter>
    </ClCompile>
    <ClCompile Include="AsyncMediaSourceReader.cpp">
      <Filter>Source Files</Filter>
    </ClCompile>
    <ClCompile Include="CommunicationsAudioCapture.cpp">
      <Filter>Source Files</Filter>
    </ClCompile>
    <ClCompile Include="AudioMedia.cpp">
      <Filter>Source Files</Filter>
    </ClCompile>
    <ClCompile Include="Errors.cpp">
      <Filter>Source Files</Filter>
    </ClCompile>
    <ClCompile Include="Pipeline.cpp">
      <Filter>Recording Steps</Filter>
    </ClCompile>
    <ClCompile Include="RenderMoveRectsStep.cpp">
      <Filter>Recording Steps</Filter>
    </ClCompile>
    <ClCompile Include="RenderDirtyRectsStep.cpp">
      <Filter>Recording Steps</Filter>
    </ClCompile>
    <ClCompile Include="ShaderCache.cpp">
      <Filter>Source Files</Filter>
    </ClCompile>
    <ClCompile Include="Frame.cpp">
      <Filter>Source Files</Filter>
    </ClCompile>
    <ClCompile Include="ScreenDuplicator.cpp">
      <Filter>Source Files</Filter>
    </ClCompile>
    <ClCompile Include="DisplayAdapter.cpp">
      <Filter>Source Files</Filter>
    </ClCompile>
    <ClCompile Include="SharedSurface.cpp">
      <Filter>Source Files</Filter>
    </ClCompile>
    <ClCompile Include="RnnoiseFilter.cpp">
      <Filter>Source Files</Filter>
    </ClCompile>
    <ClCompile Include="third_party\rnnoise\src\celt_lpc.c">
      <Filter>third_party\rnnoise\src</Filter>
    </ClCompile>
    <ClCompile Include="third_party\rnnoise\src\denoise.c">
      <Filter>third_party\rnnoise\src</Filter>
    </ClCompile>
    <ClCompile Include="third_party\rnnoise\src\kiss_fft.c">
      <Filter>third_party\rnnoise\src</Filter>
    </ClCompile>
    <ClCompile Include="third_party\rnnoise\src\pitch.c">
      <Filter>third_party\rnnoise\src</Filter>
    </ClCompile>
    <ClCompile Include="third_party\rnnoise\src\rnn.c">
      <Filter>third_party\rnnoise\src</Filter>
    </ClCompile>
    <ClCompile Include="third_party\rnnoise\src\rnn_data.c">
      <Filter>third_party\rnnoise\src</Filter>
    </ClCompile>
    <ClCompile Include="third_party\rnnoise\src\rnn_reader.c">
      <Filter>third_party\rnnoise\src</Filter>
    </ClCompile>
  </ItemGroup>
  <ItemGroup>
    <None Include="packages.config" />
  </ItemGroup>
  <ItemGroup>
    <FxCompile Include="PixelShader.hlsl">
      <Filter>Source Files</Filter>
    </FxCompile>
    <FxCompile Include="VertexShader.hlsl">
      <Filter>Source Files</Filter>
    </FxCompile>
  </ItemGroup>
</Project>